lockfileVersion: '9.0'

settings:
  autoInstallPeers: true
  excludeLinksFromLockfile: false

importers:

  .:
    devDependencies:
      typescript:
        specifier: ^5.9.2
        version: 5.9.3

  packages/lexicons:
    dependencies:
      '@atproto/lexicon':
        specifier: ^0.7.14
        version: 0.7.14
    devDependencies:
      '@atproto/lex-cli':
        specifier: ^0.10.13
        version: 0.10.13
      typescript:
        specifier: ^5.9.2
        version: 5.9.3

packages:

  '@atproto/common-web@0.5.12':
    resolution: {integrity: sha512-FumNnUOUsk68gP+jU0sXY2wY2piqFV9/qU2YaoQq/IZknhJBlLYCzjQXXCN0FCzxAZWD0YUzgydeyuRvFoAxfA==}
    engines: {node: '>=22'}

  '@atproto/lex-cli@0.10.13':
    resolution: {integrity: sha512-WERD6XOcEXI2c8lgp6HYIa/58WtDVsxQJvuARnsnJmun1RwBaCYoiT5oMyRDzkbA3nOf5vkH9nnuzar7WXEMLQ==}
    engines: {node: '>=22'}
    hasBin: true

  '@atproto/lex-data@0.1.7':
    resolution: {integrity: sha512-kW/dPLqo/WgCLV+XESR4JKwV6c1rZWJGOfuPupZGTjEDAKoBbKXdaEzX9/1vKQYbZ9U3j0DS/n7OFFK7wBugyQ==}
    engines: {node: '>=22'}

  '@atproto/lex-json@0.1.6':
    resolution: {integrity: sha512-mvrAd0lbyuecIHjyld8QN6MN6CBf4j0GCxLzegsvLh0SvDf+GbYWklkcQqmITL44yFQOwmA/QNIQj0Uvh7+R/g==}
    engines: {node: '>=22'}

  '@atproto/lexicon@0.7.14':
    resolution: {integrity: sha512-hDG2+61JTrvxDFtoojDFxKmZkFVl/lR/jFi82gSN0zNDjr+dlpUGKlG9MoPBkUKK83+Pi+I2jZ55xXboJq6JTA==}
    engines: {node: '>=22'}

  '@atproto/syntax@0.7.6':
    resolution: {integrity: sha512-luKQTcWw1H1jLmYvX34ldBqNjz2orF082njmcF9fxbWTqVhsO+TpY0FHRKVPoV7dwL0Y3L16DNz1ma0LFGH25g==}
    engines: {node: '>=22'}

  '@ts-morph/common@0.25.0':
    resolution: {integrity: sha512-kMnZz+vGGHi4GoHnLmMhGNjm44kGtKUXGnOvrKmMwAuvNjM/PgKVGfUnL7IDvK7Jb2QQ82jq3Zmp04Gy+r3Dkg==}

  ansi-styles@4.3.0:
    resolution: {integrity: sha512-zbB9rCJAT1rbjiVDb2hqKFHNYLxgtk8NURxZ3IZwD3F6NtxbXZQCnnSi1Lkx+IDohdPlFp222wVALIheZJQSEg==}
    engines: {node: '>=8'}

  balanced-match@1.0.2:
    resolution: {integrity: sha512-3oSeUO0TMV67hN1AmbXsK4yaqU7tjiHlbxRDZOpH0KW9+CeX4bRAaX0Anxt0tx2MrpRpWwQaPwIlISEJhYU5Pw==}

  brace-expansion@2.1.4:
    resolution: {integrity: sha512-hGfVzPxthbf3+2yjg/RBs60cB0FhqBS/zvdV/4wn4/BmN0bNMMHPc4V/BbFieqf1TKAGGAHnY4eSjajCl0f2Xg==}

  chalk@4.1.2:
    resolution: {integrity: sha512-oKnbhFyRIXpUuez8iBMmyEa4nbj4IOQyuhc/wy9kY7/WVPcwIO9VA668Pu8RkO7+0G76SLROeyw9CpQ061i4mA==}
    engines: {node: '>=10'}

  code-block-writer@13.0.3:
    resolution: {integrity: sha512-Oofo0pq3IKnsFtuHqSF7TqBfr71aeyZDVJ0HpmqB7FBM2qEigL0iPONSCZSO9pE9dZTAxANe5XHG9Uy0YMv8cg==}

  color-convert@2.0.1:
    resolution: {integrity: sha512-RRECPsj7iu/xb5oKYcsFHSppFNnsj/52OVTRKb4zP5onXwVF3zVmmToNcOfGC+CRDpfK/U584fMg38ZHCaElKQ==}
    engines: {node: '>=7.0.0'}

  color-name@1.1.4:
    resolution: {integrity: sha512-dOy+3AuW3a2wNbZHIuMZpTcgjGuLU/uBL/ubcZF9OXbDo8ff4O8yVp5Bf0efS8uEoYo5q4Fx7dY9OgQGXgAsQA==}

  commander@9.5.0:
    resolution: {integrity: sha512-KRs7WVDKg86PWiuAqhDrAQnTXZKraVcCc6vFdL14qrZ/DcWwuRo7VoiYXalXO7S5GKpqYiVEwCbgFDfxNHKJBQ==}
    engines: {node: ^12.20.0 || >=14}

  fdir@6.5.0:
    resolution: {integrity: sha512-tIbYtZbucOs0BRGqPJkshJUYdL+SDH7dVM8gjy+ERp3WAUjLEFJE+02kanyHtwjWOnwrKYBiwAmM0p4kLJAnXg==}
    engines: {node: '>=12.0.0'}
    peerDependencies:
      picomatch: ^3 || ^4
    peerDependenciesMeta:
      picomatch:
        optional: true

  has-flag@4.0.0:
    resolution: {integrity: sha512-EykJT/Q1KjTWctppgIAgfSO0tKVuZUjhgMr17kqTumMl6Afv3EISleU7qZUzoXDFTAHTDC4NOoG/ZxU3EvlMPQ==}
    engines: {node: '>=8'}

  iso-datestring-validator@2.2.2:
    resolution: {integrity: sha512-yLEMkBbLZTlVQqOnQ4FiMujR6T4DEcCb1xizmvXS+OxuhwcbtynoosRzdMA69zZCShCNAbi+gJ71FxZBBXx1SA==}

  minimatch@9.0.9:
    resolution: {integrity: sha512-OBwBN9AL4dqmETlpS2zasx+vTeWclWzkblfZk7KTA5j3jeOONz/tRCnZomUyvNg83wL5Zv9Ss6HMJXAgL8R2Yg==}
    engines: {node: '>=16 || 14 >=14.17'}

  multiformats@13.4.2:
    resolution: {integrity: sha512-eh6eHCrRi1+POZ3dA+Dq1C6jhP1GNtr9CRINMb67OKzqW9I5DUuZM/3jLPlzhgpGeiNUlEGEbkCYChXMCc/8DQ==}

  path-browserify@1.0.1:
    resolution: {integrity: sha512-b7uo2UCUOYZcnF/3ID0lulOJi/bafxa1xPe7ZPsammBSpjSWQkjNxlt635YGS2MiR9GjvuXCtz2emr3jbsz98g==}

  picomatch@4.0.7:
    resolution: {integrity: sha512-qcJu88Q2IWqJsDD529JKMdwGm/dvInW4HvQnRwiH9JtihJvzGOscDtHE3x1pBKeUOTysQ8kVmLnJ2kJu7yhcGA==}
    engines: {node: '>=12'}

  prettier@3.9.6:
    resolution: {integrity: sha512-OpN0zzVdiaiAhxpuuj5efpIS4sY9j7bY6uR5mnj5yPzGkdkjNKSJeUThPb60Jw29QuAZgA4o+/iB49kFiaBX6g==}
    engines: {node: '>=14'}
    hasBin: true

  supports-color@7.2.0:
    resolution: {integrity: sha512-qpCAvRl9stuOHveKsn7HncJRvv501qIacKzQlO/+Lwxc9+0q2wLyv4Dfvt80/DPn2pqOBsJdDiogXGR9+OvwRw==}
    engines: {node: '>=8'}

  tinyglobby@0.2.17:
    resolution: {integrity: sha512-wXR/dYpcqKmfWpEdZjiKJOwCNFndD0DMnrW/cYjVGttEkBfVgcLFHoNrlj47mjOVic9yyNu65alsgF4NQyTa2g==}
    engines: {node: '>=12.0.0'}

  ts-morph@24.0.0:
    resolution: {integrity: sha512-2OAOg/Ob5yx9Et7ZX4CvTCc0UFoZHwLEJ+dpDPSUi5TgwwlTlX47w+iFRrEwzUZwYACjq83cgjS/Da50Ga37uw==}

  tslib@2.8.1:
    resolution: {integrity: sha512-oJFu94HQb+KVduSUQL7wnpmqnfmLsOA/nAh6b6EH0wCEoK0/mPeXU6c3wKDV83MkOuHPRHtSXKKU99IBazS/2w==}

  typescript@5.9.3:
    resolution: {integrity: sha512-jl1vZzPDinLr9eUt3J/t7V6FgNEw9QjvBPdysz9KfQDD41fQrC2Y4vKQdiaUpFT4bXlb1RHhLpp8wtm6M5TgSw==}
    engines: {node: '>=14.17'}
    hasBin: true

  unicode-segmenter@0.14.5:
    resolution: {integrity: sha512-jHGmj2LUuqDcX3hqY12Ql+uhUTn8huuxNZGq7GvtF6bSybzH3aFgedYu/KTzQStEgt1Ra2F3HxadNXsNjb3m3g==}

  yesno@0.4.0:
    resolution: {integrity: sha512-tdBxmHvbXPBKYIg81bMCB7bVeDmHkRzk5rVJyYYXurwKkHq/MCd8rz4HSJUP7hW0H2NlXiq8IFiWvYKEHhlotA==}

  zod@3.25.76:
    resolution: {integrity: sha512-gzUt/qt81nXsFGKIFcC3YnfEAx5NkunCfnDlvuBSSFS02bcXu4Lmea0AFIUwbLWxWPx3d9p8S5QoaujKcNQxcQ==}

snapshots:

  '@atproto/common-web@0.5.12':
    dependencies:
      '@atproto/lex-data': 0.1.7
      '@atproto/lex-json': 0.1.6
      '@atproto/syntax': 0.7.6
      zod: 3.25.76

  '@atproto/lex-cli@0.10.13':
    dependencies:
      '@atproto/lexicon': 0.7.14
      '@atproto/syntax': 0.7.6
      chalk: 4.1.2
      commander: 9.5.0
      prettier: 3.9.6
      ts-morph: 24.0.0
      yesno: 0.4.0
      zod: 3.25.76

  '@atproto/lex-data@0.1.7':
    dependencies:
      multiformats: 13.4.2
      tslib: 2.8.1
      unicode-segmenter: 0.14.5

  '@atproto/lex-json@0.1.6':
    dependencies:
      '@atproto/lex-data': 0.1.7
      tslib: 2.8.1

  '@atproto/lexicon@0.7.14':
    dependencies:
      '@atproto/common-web': 0.5.12
      '@atproto/syntax': 0.7.6
      multiformats: 13.4.2
      zod: 3.25.76

  '@atproto/syntax@0.7.6':
    dependencies:
      iso-datestring-validator: 2.2.2
      tslib: 2.8.1

  '@ts-morph/common@0.25.0':
    dependencies:
      minimatch: 9.0.9
      path-browserify: 1.0.1
      tinyglobby: 0.2.17

  ansi-styles@4.3.0:
    dependencies:
      color-convert: 2.0.1

  balanced-match@1.0.2: {}

  brace-expansion@2.1.4:
    dependencies:
      balanced-match: 1.0.2

  chalk@4.1.2:
    dependencies:
      ansi-styles: 4.3.0
      supports-color: 7.2.0

  code-block-writer@13.0.3: {}

  color-convert@2.0.1:
    dependencies:
      color-name: 1.1.4

  color-name@1.1.4: {}

  commander@9.5.0: {}

  fdir@6.5.0(picomatch@4.0.7):
    optionalDependencies:
      picomatch: 4.0.7

  has-flag@4.0.0: {}

  iso-datestring-validator@2.2.2: {}

  minimatch@9.0.9:
    dependencies:
      brace-expansion: 2.1.4

  multiformats@13.4.2: {}

  path-browserify@1.0.1: {}

  picomatch@4.0.7: {}

  prettier@3.9.6: {}

  supports-color@7.2.0:
    dependencies:
      has-flag: 4.0.0

  tinyglobby@0.2.17:
    dependencies:
      fdir: 6.5.0(picomatch@4.0.7)
      picomatch: 4.0.7

  ts-morph@24.0.0:
    dependencies:
      '@ts-morph/common': 0.25.0
      code-block-writer: 13.0.3

  tslib@2.8.1: {}

  typescript@5.9.3: {}

  unicode-segmenter@0.14.5: {}

  yesno@0.4.0: {}

  zod@3.25.76: {}
